// !$*UTF8*$!
{
	archiveVersion = 1;
	classes = {
	};
	objectVersion = 50;
	objects = {

/* Begin PBXBuildFile section */
		0443503324FF17B900E63D33 /* mel_basis.json in Resources */ = {isa = PBXBuildFile; fileRef = 0443503224FF17B900E63D33 /* mel_basis.json */; };
		04A59F4E24720B7C004E852D /* classroom-cnn-watchonly WatchKit App.app in Embed Watch Content */ = {isa = PBXBuildFile; fileRef = 04A59F4D24720B7C004E852D /* classroom-cnn-watchonly WatchKit App.app */; settings = {ATTRIBUTES = (RemoveHeadersOnCopy, ); }; };
		04A59F5424720B7C004E852D /* Interface.storyboard in Resources */ = {isa = PBXBuildFile; fileRef = 04A59F5224720B7C004E852D /* Interface.storyboard */; };
		04A59F5624720B7E004E852D /* Assets.xcassets in Resources */ = {isa = PBXBuildFile; fileRef = 04A59F5524720B7E004E852D /* Assets.xcassets */; };
		04A59F5D24720B7E004E852D /* classroom-cnn-watchonly WatchKit Extension.appex in Embed App Extensions */ = {isa = PBXBuildFile; fileRef = 04A59F5C24720B7E004E852D /* classroom-cnn-watchonly WatchKit Extension.appex */; settings = {ATTRIBUTES = (RemoveHeadersOnCopy, ); }; };
		04A59F6224720B7E004E852D /* InterfaceController.swift in Sources */ = {isa = PBXBuildFile; fileRef = 04A59F6124720B7E004E852D /* InterfaceController.swift */; };
		04A59F6424720B7E004E852D /* ExtensionDelegate.swift in Sources */ = {isa = PBXBuildFile; fileRef = 04A59F6324720B7E004E852D /* ExtensionDelegate.swift */; };
		04A59F6624720B7E004E852D /* NotificationController.swift in Sources */ = {isa = PBXBuildFile; fileRef = 04A59F6524720B7E004E852D /* NotificationController.swift */; };
		04A59F6824720B7F004E852D /* Assets.xcassets in Resources */ = {isa = PBXBuildFile; fileRef = 04A59F6724720B7F004E852D /* Assets.xcassets */; };
		04E689F624A5F5F1000A0433 /* classroomClassifier_STFT.mlmodel in Sources */ = {isa = PBXBuildFile; fileRef = 04E689F524A5F5F1000A0433 /* classroomClassifier_STFT.mlmodel */; };
/* End PBXBuildFile section */

/* Begin PBXContainerItemProxy section */
		04A59F4F24720B7C004E852D /* PBXContainerItemProxy */ = {
			isa = PBXContainerItemProxy;
			containerPortal = 04A59F4324720B7B004E852D /* Project object */;
			proxyType = 1;
			remoteGlobalIDString = 04A59F4C24720B7C004E852D;
			remoteInfo = "classroom-cnn-watchonly WatchKit App";
		};
		04A59F5E24720B7E004E852D /* PBXContainerItemProxy */ = {
			isa = PBXContainerItemProxy;
			containerPortal = 04A59F4324720B7B004E852D /* Project object */;
			proxyType = 1;
			remoteGlobalIDString = 04A59F5B24720B7E004E852D;
			remoteInfo = "classroom-cnn-watchonly WatchKit Extension";
		};
/* End PBXContainerItemProxy section */

/* Begin PBXCopyFilesBuildPhase section */
		04A59F7024720B7F004E852D /* Embed App Extensions */ = {
			isa = PBXCopyFilesBuildPhase;
			buildActionMask = 2147483647;
			dstPath = "";
			dstSubfolderSpec = 13;
			files = (
				04A59F5D24720B7E004E852D /* classroom-cnn-watchonly WatchKit Extension.appex in Embed App Extensions */,
			);
			name = "Embed App Extensions";
			runOnlyForDeploymentPostprocessing = 0;
		};
		04A59F7424720B7F004E852D /* Embed Watch Content */ = {
			isa = PBXCopyFilesBuildPhase;
			buildActionMask = 2147483647;
			dstPath = "$(CONTENTS_FOLDER_PATH)/Watch";
			dstSubfolderSpec = 16;
			files = (
				04A59F4E24720B7C004E852D /* classroom-cnn-watchonly WatchKit App.app in Embed Watch Content */,
			);
			name = "Embed Watch Content";
			runOnlyForDeploymentPostprocessing = 0;
		};
/* End PBXCopyFilesBuildPhase section */

/* Begin PBXFileReference section */
		0443503224FF17B900E63D33 /* mel_basis.json */ = {isa = PBXFileReference; fileEncoding = 4; lastKnownFileType = text.json; path = mel_basis.json; sourceTree = "<group>"; };
		04A59F4924720B7B004E852D /* classroom-cnn-watchonly.app */ = {isa = PBXFileReference; explicitFileType = wrapper.application; includeInIndex = 0; path = "classroom-cnn-watchonly.app"; sourceTree = BUILT_PRODUCTS_DIR; };
		04A59F4D24720B7C004E852D /* classroom-cnn-watchonly WatchKit App.app */ = {isa = PBXFileReference; explicitFileType = wrapper.application; includeInIndex = 0; path = "classroom-cnn-watchonly WatchKit App.app"; sourceTree = BUILT_PRODUCTS_DIR; };
		04A59F5324720B7C004E852D /* Base */ = {isa = PBXFileReference; lastKnownFileType = file.storyboard; name = Base; path = Base.lproj/Interface.storyboard; sourceTree = "<group>"; };
		04A59F5524720B7E004E852D /* Assets.xcassets */ = {isa = PBXFileReference; lastKnownFileType = folder.assetcatalog; path = Assets.xcassets; sourceTree = "<group>"; };
		04A59F5724720B7E004E852D /* Info.plist */ = {isa = PBXFileReference; lastKnownFileType = text.plist.xml; path = Info.plist; sourceTree = "<group>"; };
		04A59F5C24720B7E004E852D /* classroom-cnn-watchonly WatchKit Extension.appex */ = {isa = PBXFileReference; explicitFileType = "wrapper.app-extension"; includeInIndex = 0; path = "classroom-cnn-watchonly WatchKit Extension.appex"; sourceTree = BUILT_PRODUCTS_DIR; };
		04A59F6124720B7E004E852D /* InterfaceController.swift */ = {isa = PBXFileReference; lastKnownFileType = sourcecode.swift; path = InterfaceController.swift; sourceTree = "<group>"; };
		04A59F6324720B7E004E852D /* ExtensionDelegate.swift */ = {isa = PBXFileReference; lastKnownFileType = sourcecode.swift; path = ExtensionDelegate.swift; sourceTree = "<group>"; };
		04A59F6524720B7E004E852D /* NotificationController.swift */ = {isa = PBXFileReference; lastKnownFileType = sourcecode.swift; path = NotificationController.swift; sourceTree = "<group>"; };
		04A59F6724720B7F004E852D /* Assets.xcassets */ = {isa = PBXFileReference; lastKnownFileType = folder.assetcatalog; path = Assets.xcassets; sourceTree = "<group>"; };
		04A59F6924720B7F004E852D /* Info.plist */ = {isa = PBXFileReference; lastKnownFileType = text.plist.xml; path = Info.plist; sourceTree = "<group>"; };
		04A59F6A24720B7F004E852D /* PushNotificationPayload.apns */ = {isa = PBXFileReference; lastKnownFileType = text; path = PushNotificationPayload.apns; sourceTree = "<group>"; };
		04E689F524A5F5F1000A0433 /* classroomClassifier_STFT.mlmodel */ = {isa = PBXFileReference; lastKnownFileType = file.mlmodel; path = classroomClassifier_STFT.mlmodel; sourceTree = "<group>"; };
/* End PBXFileReference section */

/* Begin PBXFrameworksBuildPhase section */
		04A59F5924720B7E004E852D /* Frameworks */ = {
			isa = PBXFrameworksBuildPhase;
			buildActionMask = 2147483647;
			files = (
			);
			runOnlyForDeploymentPostprocessing = 0;
		};
/* End PBXFrameworksBuildPhase section */

/* Begin PBXGroup section */
		04A59F4224720B7B004E852D = {
			isa = PBXGroup;
			children = (
				04A59F5124720B7C004E852D /* classroom-cnn-watchonly WatchKit App */,
				04A59F6024720B7E004E852D /* classroom-cnn-watchonly WatchKit Extension */,
				04A59F4A24720B7B004E852D /* Products */,
			);
			sourceTree = "<group>";
		};
		04A59F4A24720B7B004E852D /* Products */ = {
			isa = PBXGroup;
			children = (
				04A59F4924720B7B004E852D /* classroom-cnn-watchonly.app */,
				04A59F4D24720B7C004E852D /* classroom-cnn-watchonly WatchKit App.app */,
				04A59F5C24720B7E004E852D /* classroom-cnn-watchonly WatchKit Extension.appex */,
			);
			name = Products;
			sourceTree = "<group>";
		};
		04A59F5124720B7C004E852D /* classroom-cnn-watchonly WatchKit App */ = {
			isa = PBXGroup;
			children = (
				04A59F5224720B7C004E852D /* Interface.storyboard */,
				04A59F5524720B7E004E852D /* Assets.xcassets */,
				04A59F5724720B7E004E852D /* Info.plist */,
			);
			path = "classroom-cnn-watchonly WatchKit App";
			sourceTree = "<group>";
		};
		04A59F6024720B7E004E852D /* classroom-cnn-watchonly WatchKit Extension */ = {
			isa = PBXGroup;
			children = (
				04A59F6124720B7E004E852D /* InterfaceController.swift */,
				04A59F6324720B7E004E852D /* ExtensionDelegate.swift */,
				0443503224FF17B900E63D33 /* mel_basis.json */,
				04E689F524A5F5F1000A0433 /* classroomClassifier_STFT.mlmodel */,
				04A59F6524720B7E004E852D /* NotificationController.swift */,
				04A59F6724720B7F004E852D /* Assets.xcassets */,
				04A59F6924720B7F004E852D /* Info.plist */,
				04A59F6A24720B7F004E852D /* PushNotificationPayload.apns */,
			);
			path = "classroom-cnn-watchonly WatchKit Extension";
			sourceTree = "<group>";
		};
/* End PBXGroup section */

/* Begin PBXNativeTarget section */
		04A59F4824720B7B004E852D /* classroom-cnn-watchonly */ = {
			isa = PBXNativeTarget;
			buildConfigurationList = 04A59F7524720B7F004E852D /* Build configuration list for PBXNativeTarget "classroom-cnn-watchonly" */;
			buildPhases = (
				04A59F4724720B7B004E852D /* Resources */,
				04A59F7424720B7F004E852D /* Embed Watch Content */,
			);
			buildRules = (
			);
			dependencies = (
				04A59F5024720B7C004E852D /* PBXTargetDependency */,
			);
			name = "classroom-cnn-watchonly";
			productName = "classroom-cnn-watchonly";
			productReference = 04A59F4924720B7B004E852D /* classroom-cnn-watchonly.app */;
			productType = "com.apple.product-type.application.watchapp2-container";
		};
		04A59F4C24720B7C004E852D /* classroom-cnn-watchonly WatchKit App */ = {
			isa = PBXNativeTarget;
			buildConfigurationList = 04A59F7124720B7F004E852D /* Build configuration list for PBXNativeTarget "classroom-cnn-watchonly WatchKit App" */;
			buildPhases = (
				04A59F4B24720B7C004E852D /* Resources */,
				04A59F7024720B7F004E852D /* Embed App Extensions */,
			);
			buildRules = (
			);
			dependencies = (
				04A59F5F24720B7E004E852D /* PBXTargetDependency */,
			);
			name = "classroom-cnn-watchonly WatchKit App";
			productName = "classroom-cnn-watchonly WatchKit App";
			productReference = 04A59F4D24720B7C004E852D /* classroom-cnn-watchonly WatchKit App.app */;
			productType = "com.apple.product-type.application.watchapp2";
		};
		04A59F5B24720B7E004E852D /* classroom-cnn-watchonly WatchKit Extension */ = {
			isa = PBXNativeTarget;
			buildConfigurationList = 04A59F6D24720B7F004E852D /* Build configuration list for PBXNativeTarget "classroom-cnn-watchonly WatchKit Extension" */;
			buildPhases = (
				04A59F5824720B7E004E852D /* Sources */,
				04A59F5924720B7E004E852D /* Frameworks */,
				04A59F5A24720B7E004E852D /* Resources */,
			);
			buildRules = (
			);
			dependencies = (
			);
			name = "classroom-cnn-watchonly WatchKit Extension";
			productName = "classroom-cnn-watchonly WatchKit Extension";
			productReference = 04A59F5C24720B7E004E852D /* classroom-cnn-watchonly WatchKit Extension.appex */;
			productType = "com.apple.product-type.watchkit2-extension";
		};
/* End PBXNativeTarget section */

/* Begin PBXProject section */
		04A59F4324720B7B004E852D /* Project object */ = {
			isa = PBXProject;
			attributes = {
				LastSwiftUpdateCheck = 1130;
				LastUpgradeCheck = 1130;
				ORGANIZATIONNAME = Shahbaz;
				TargetAttributes = {
					04A59F4824720B7B004E852D = {
						CreatedOnToolsVersion = 11.3.1;
					};
					04A59F4C24720B7C004E852D = {
						CreatedOnToolsVersion = 11.3.1;
					};
					04A59F5B24720B7E004E852D = {
						CreatedOnToolsVersion = 11.3.1;
					};
				};
			};
			buildConfigurationList = 04A59F4624720B7B004E852D /* Build configuration list for PBXProject "classroom-cnn-watchonly" */;
			compatibilityVersion = "Xcode 9.3";
			developmentRegion = en;
			hasScannedForEncodings = 0;
			knownRegions = (
				en,
				Base,
			);
			mainGroup = 04A59F4224720B7B004E852D;
			productRefGroup = 04A59F4A24720B7B004E852D /* Products */;
			projectDirPath = "";
			projectRoot = "";
			targets = (
				04A59F4824720B7B004E852D /* classroom-cnn-watchonly */,
				04A59F4C24720B7C004E852D /* classroom-cnn-watchonly WatchKit App */,
				04A59F5B24720B7E004E852D /* classroom-cnn-watchonly WatchKit Extension */,
			);
		};
/* End PBXProject section */

/* Begin PBXResourcesBuildPhase section */
		04A59F4724720B7B004E852D /* Resources */ = {
			isa = PBXResourcesBuildPhase;
			buildActionMask = 2147483647;
			files = (
			);
			runOnlyForDeploymentPostprocessing = 0;
		};
		04A59F4B24720B7C004E852D /* Resources */ = {
			isa = PBXResourcesBuildPhase;
			buildActionMask = 2147483647;
			files = (
				04A59F5624720B7E004E852D /* Assets.xcassets in Resources */,
				04A59F5424720B7C004E852D /* Interface.storyboard in Resources */,
			);
			runOnlyForDeploymentPostprocessing = 0;
		};
		04A59F5A24720B7E004E852D /* Resources */ = {
			isa = PBXResourcesBuildPhase;
			buildActionMask = 2147483647;
			files = (
				04A59F6824720B7F004E852D /* Assets.xcassets in Resources */,
				0443503324FF17B900E63D33 /* mel_basis.json in Resources */,
			);
			runOnlyForDeploymentPostprocessing = 0;
		};
/* End PBXResourcesBuildPhase section */

/* Begin PBXSourcesBuildPhase section */
		04A59F5824720B7E004E852D /* Sources */ = {
			isa = PBXSourcesBuildPhase;
			buildActionMask = 2147483647;
			files = (
				04E689F624A5F5F1000A0433 /* classroomClassifier_STFT.mlmodel in Sources */,
				04A59F6624720B7E004E852D /* NotificationController.swift in Sources */,
				04A59F6424720B7E004E852D /* ExtensionDelegate.swift in Sources */,
				04A59F6224720B7E004E852D /* InterfaceController.swift in Sources */,
			);
			runOnlyForDeploymentPostprocessing = 0;
		};
/* End PBXSourcesBuildPhase section */

/* Begin PBXTargetDependency section */
		04A59F5024720B7C004E852D /* PBXTargetDependency */ = {
			isa = PBXTargetDependency;
			target = 04A59F4C24720B7C004E852D /* classroom-cnn-watchonly WatchKit App */;
			targetProxy = 04A59F4F24720B7C004E852D /* PBXContainerItemProxy */;
		};
		04A59F5F24720B7E004E852D /* PBXTargetDependency */ = {
			isa = PBXTargetDependency;
			target = 04A59F5B24720B7E004E852D /* classroom-cnn-watchonly WatchKit Extension */;
			targetProxy = 04A59F5E24720B7E004E852D /* PBXContainerItemProxy */;
		};
/* End PBXTargetDependency section */

/* Begin PBXVariantGroup section */
		04A59F5224720B7C004E852D /* Interface.storyboard */ = {
			isa = PBXVariantGroup;
			children = (
				04A59F5324720B7C004E852D /* Base */,
			);
			name = Interface.storyboard;
			sourceTree = "<group>";
		};
/* End PBXVariantGroup section */

/* Begin XCBuildConfiguration section */
		04A59F6B24720B7F004E852D /* Debug */ = {
			isa = XCBuildConfiguration;
			buildSettings = {
				ALWAYS_SEARCH_USER_PATHS = NO;
				CLANG_ANALYZER_NONNULL = YES;
				CLANG_ANALYZER_NUMBER_OBJECT_CONVERSION = YES_AGGRESSIVE;
				CLANG_CXX_LANGUAGE_STANDARD = "gnu++14";
				CLANG_CXX_LIBRARY = "libc++";
				CLANG_ENABLE_MODULES = YES;
				CLANG_ENABLE_OBJC_ARC = YES;
				CLANG_ENABLE_OBJC_WEAK = YES;
				CLANG_WARN_BLOCK_CAPTURE_AUTORELEASING = YES;
				CLANG_WARN_BOOL_CONVERSION = YES;
				CLANG_WARN_COMMA = YES;
				CLANG_WARN_CONSTANT_CONVERSION = YES;
				CLANG_WARN_DEPRECATED_OBJC_IMPLEMENTATIONS = YES;
				CLANG_WARN_DIRECT_OBJC_ISA_USAGE = YES_ERROR;
				CLANG_WARN_DOCUMENTATION_COMMENTS = YES;
				CLANG_WARN_EMPTY_BODY = YES;
				CLANG_WARN_ENUM_CONVERSION = YES;
				CLANG_WARN_INFINITE_RECURSION = YES;
				CLANG_WARN_INT_CONVERSION = YES;
				CLANG_WARN_NON_LITERAL_NULL_CONVERSION = YES;
				CLANG_WARN_OBJC_IMPLICIT_RETAIN_SELF = YES;
				CLANG_WARN_OBJC_LITERAL_CONVERSION = YES;
				CLANG_WARN_OBJC_ROOT_CLASS = YES_ERROR;
				CLANG_WARN_RANGE_LOOP_ANALYSIS = YES;
				CLANG_WARN_STRICT_PROTOTYPES = YES;
				CLANG_WARN_SUSPICIOUS_MOVE = YES;
				CLANG_WARN_UNGUARDED_AVAILABILITY = YES_AGGRESSIVE;
				CLANG_WARN_UNREACHABLE_CODE = YES;
				CLANG_WARN__DUPLICATE_METHOD_MATCH = YES;
				COPY_PHASE_STRIP = NO;
				DEBUG_INFORMATION_FORMAT = dwarf;
				ENABLE_STRICT_OBJC_MSGSEND = YES;
				ENABLE_TESTABILITY = YES;
				GCC_C_LANGUAGE_STANDARD = gnu11;
				GCC_DYNAMIC_NO_PIC = NO;
				GCC_NO_COMMON_BLOCKS = YES;
				GCC_OPTIMIZATION_LEVEL = 0;
				GCC_PREPROCESSOR_DEFINITIONS = (
					"DEBUG=1",
					"$(inherited)",
				);
				GCC_WARN_64_TO_32_BIT_CONVERSION = YES;
				GCC_WARN_ABOUT_RETURN_TYPE = YES_ERROR;
				GCC_WARN_UNDECLARED_SELECTOR = YES;
				GCC_WARN_UNINITIALIZED_AUTOS = YES_AGGRESSIVE;
				GCC_WARN_UNUSED_FUNCTION = YES;
				GCC_WARN_UNUSED_VARIABLE = YES;
				MTL_ENABLE_DEBUG_INFO = INCLUDE_SOURCE;
				MTL_FAST_MATH = YES;
				ONLY_ACTIVE_ARCH = YES;
				SDKROOT = iphoneos;
				SWIFT_ACTIVE_COMPILATION_CONDITIONS = DEBUG;
				SWIFT_OPTIMIZATION_LEVEL = "-Onone";
			};
			name = Debug;
		};
		04A59F6C24720B7F004E852D /* Release */ = {
			isa = XCBuildConfiguration;
			buildSettings = {
				ALWAYS_SEARCH_USER_PATHS = NO;
				CLANG_ANALYZER_NONNULL = YES;
				CLANG_ANALYZER_NUMBER_OBJECT_CONVERSION = YES_AGGRESSIVE;
				CLANG_CXX_LANGUAGE_STANDARD = "gnu++14";
				CLANG_CXX_LIBRARY = "libc++";
				CLANG_ENABLE_MODULES = YES;
				CLANG_ENABLE_OBJC_ARC = YES;
				CLANG_ENABLE_OBJC_WEAK = YES;
				CLANG_WARN_BLOCK_CAPTURE_AUTORELEASING = YES;
				CLANG_WARN_BOOL_CONVERSION = YES;
				CLANG_WARN_COMMA = YES;
				CLANG_WARN_CONSTANT_CONVERSION = YES;
				CLANG_WARN_DEPRECATED_OBJC_IMPLEMENTATIONS = YES;
				CLANG_WARN_DIRECT_OBJC_ISA_USAGE = YES_ERROR;
				CLANG_WARN_DOCUMENTATION_COMMENTS = YES;
				CLANG_WARN_EMPTY_BODY = YES;
				CLANG_WARN_ENUM_CONVERSION = YES;
				CLANG_WARN_INFINITE_RECURSION = YES;
				CLANG_WARN_INT_CONVERSION = YES;
				CLANG_WARN_NON_LITERAL_NULL_CONVERSION = YES;
				CLANG_WARN_OBJC_IMPLICIT_RETAIN_SELF = YES;
				CLANG_WARN_OBJC_LITERAL_CONVERSION = YES;
				CLANG_WARN_OBJC_ROOT_CLASS = YES_ERROR;
				CLANG_WARN_RANGE_LOOP_ANALYSIS = YES;
				CLANG_WARN_STRICT_PROTOTYPES = YES;
				CLANG_WARN_SUSPICIOUS_MOVE = YES;
				CLANG_WARN_UNGUARDED_AVAILABILITY = YES_AGGRESSIVE;
				CLANG_WARN_UNREACHABLE_CODE = YES;
				CLANG_WARN__DUPLICATE_METHOD_MATCH = YES;
				COPY_PHASE_STRIP = NO;
				DEBUG_INFORMATION_FORMAT = "dwarf-with-dsym";
				ENABLE_NS_ASSERTIONS = NO;
				ENABLE_STRICT_OBJC_MSGSEND = YES;
				GCC_C_LANGUAGE_STANDARD = gnu11;
				GCC_NO_COMMON_BLOCKS = YES;
				GCC_WARN_64_TO_32_BIT_CONVERSION = YES;
				GCC_WARN_ABOUT_RETURN_TYPE = YES_ERROR;
				GCC_WARN_UNDECLARED_SELECTOR = YES;
				GCC_WARN_UNINITIALIZED_AUTOS = YES_AGGRESSIVE;
				GCC_WARN_UNUSED_FUNCTION = YES;
				GCC_WARN_UNUSED_VARIABLE = YES;
				MTL_ENABLE_DEBUG_INFO = NO;
				MTL_FAST_MATH = YES;
				SDKROOT = iphoneos;
				SWIFT_COMPILATION_MODE = wholemodule;
				SWIFT_OPTIMIZATION_LEVEL = "-O";
				VALIDATE_PRODUCT = YES;
			};
			name = Release;
		};
		04A59F6E24720B7F004E852D /* Debug */ = {
			isa = XCBuildConfiguration;
			buildSettings = {
				ASSETCATALOG_COMPILER_COMPLICATION_NAME = Complication;
				CODE_SIGN_STYLE = Automatic;
				DEVELOPMENT_TEAM = 8M3T64NR96;
				INFOPLIST_FILE = "classroom-cnn-watchonly WatchKit Extension/Info.plist";
				LD_RUNPATH_SEARCH_PATHS = (
					"$(inherited)",
					"@executable_path/Frameworks",
					"@executable_path/../../Frameworks",
				);
				PRODUCT_BUNDLE_IDENTIFIER = "shahbaz.classroom-cnn-watchonly.watchkitapp.watchkitextension";
				PRODUCT_NAME = "${TARGET_NAME}";
				SDKROOT = watchos;
				SKIP_INSTALL = YES;
				SWIFT_VERSION = 5.0;
				TARGETED_DEVICE_FAMILY = 4;
				WATCHOS_DEPLOYMENT_TARGET = 6.1;
			};
			name = Debug;
		};
		04A59F6F24720B7F004E852D /* Release */ = {
			isa = XCBuildConfiguration;
			buildSettings = {
				ASSETCATALOG_COMPILER_COMPLICATION_NAME = Complication;
				CODE_SIGN_STYLE = Automatic;
				DEVELOPMENT_TEAM = 8M3T64NR96;
				INFOPLIST_FILE = "classroom-cnn-watchonly WatchKit Extension/Info.plist";
				LD_RUNPATH_SEARCH_PATHS = (
					"$(inherited)",
					"@executable_path/Frameworks",
					"@executable_path/../../Frameworks",
				);
				PRODUCT_BUNDLE_IDENTIFIER = "shahbaz.classroom-cnn-watchonly.watchkitapp.watchkitextension";
				PRODUCT_NAME = "${TARGET_NAME}";
				SDKROOT = watchos;
				SKIP_INSTALL = YES;
				SWIFT_VERSION = 5.0;
				TARGETED_DEVICE_FAMILY = 4;
				WATCHOS_DEPLOYMENT_TARGET = 6.1;
			};
			name = Release;
		};
		04A59F7224720B7F004E852D /* Debug */ = {
			isa = XCBuildConfiguration;
			buildSettings = {
				ALWAYS_EMBED_SWIFT_STANDARD_LIBRARIES = YES;
				ASSETCATALOG_COMPILER_APPICON_NAME = AppIcon;
				CODE_SIGN_STYLE = Automatic;
				DEVELOPMENT_TEAM = 8M3T64NR96;
				IBSC_MODULE = classroom_cnn_watchonly_WatchKit_Extension;
				INFOPLIST_FILE = "classroom-cnn-watchonly WatchKit App/Info.plist";
				PRODUCT_BUNDLE_IDENTIFIER = "shahbaz.classroom-cnn-watchonly.watchkitapp";
				PRODUCT_NAME = "$(TARGET_NAME)";
				SDKROOT = watchos;
				SKIP_INSTALL = YES;
				SWIFT_VERSION = 5.0;
				TARGETED_DEVICE_FAMILY = 4;
				WATCHOS_DEPLOYMENT_TARGET = 6.1;
			};
			name = Debug;
		};
		04A59F7324720B7F004E852D /* Release */ = {
			isa = XCBuildConfiguration;
			buildSettings = {
				ALWAYS_EMBED_SWIFT_STANDARD_LIBRARIES = YES;
				ASSETCATALOG_COMPILER_APPICON_NAME = AppIcon;
				CODE_SIGN_STYLE = Automatic;
				DEVELOPMENT_TEAM = 8M3T64NR96;
				IBSC_MODULE = classroom_cnn_watchonly_WatchKit_Extension;
				INFOPLIST_FILE = "classroom-cnn-watchonly WatchKit App/Info.plist";
				PRODUCT_BUNDLE_IDENTIFIER = "shahbaz.classroom-cnn-watchonly.watchkitapp";
				PRODUCT_NAME = "$(TARGET_NAME)";
				SDKROOT = watchos;
				SKIP_INSTALL = YES;
				SWIFT_VERSION = 5.0;
				TARGETED_DEVICE_FAMILY = 4;
				WATCHOS_DEPLOYMENT_TARGET = 6.1;
			};
			name = Release;
		};
		04A59F7624720B7F004E852D /* Debug */ = {
			isa = XCBuildConfiguration;
			buildSettings = {
				CODE_SIGN_STYLE = Automatic;
				CURRENT_PROJECT_VERSION = 1;
				DEVELOPMENT_TEAM = 8M3T64NR96;
				MARKETING_VERSION = 1.0;
				PRODUCT_BUNDLE_IDENTIFIER = "shahbaz.classroom-cnn-watchonly";
				PRODUCT_NAME = "$(TARGET_NAME)";
				SWIFT_VERSION = 5.0;
			};
			name = Debug;
		};
		04A59F7724720B7F004E852D /* Release */ = {
			isa = XCBuildConfiguration;
			buildSettings = {
				CODE_SIGN_STYLE = Automatic;
				CURRENT_PROJECT_VERSION = 1;
				DEVELOPMENT_TEAM = 8M3T64NR96;
				MARKETING_VERSION = 1.0;
				PRODUCT_BUNDLE_IDENTIFIER = "shahbaz.classroom-cnn-watchonly";
				PRODUCT_NAME = "$(TARGET_NAME)";
				SWIFT_VERSION = 5.0;
			};
			name = Release;
		};
/* End XCBuildConfiguration section */

/* Begin XCConfigurationList section */
		04A59F4624720B7B004E852D /* Build configuration list for PBXProject "classroom-cnn-watchonly" */ = {
			isa = XCConfigurationList;
			buildConfigurations = (
				04A59F6B24720B7F004E852D /* Debug */,
				04A59F6C24720B7F004E852D /* Release */,
			);
			defaultConfigurationIsVisible = 0;
			defaultConfigurationName = Release;
		};
		04A59F6D24720B7F004E852D /* Build configuration list for PBXNativeTarget "classroom-cnn-watchonly WatchKit Extension" */ = {
			isa = XCConfigurationList;
			buildConfigurations = (
				04A59F6E24720B7F004E852D /* Debug */,
				04A59F6F24720B7F004E852D /* Release */,
			);
			defaultConfigurationIsVisible = 0;
			defaultConfigurationName = Release;
		};
		04A59F7124720B7F004E852D /* Build configuration list for PBXNativeTarget "classroom-cnn-watchonly WatchKit App" */ = {
			isa = XCConfigurationList;
			buildConfigurations = (
				04A59F7224720B7F004E852D /* Debug */,
				04A59F7324720B7F004E852D /* Release */,
			);
			defaultConfigurationIsVisible = 0;
			defaultConfigurationName = Release;
		};
		04A59F7524720B7F004E852D /* Build configuration list for PBXNativeTarget "classroom-cnn-watchonly" */ = {
			isa = XCConfigurationList;
			buildConfigurations = (
				04A59F7624720B7F004E852D /* Debug */,
				04A59F7724720B7F004E852D /* Release */,
			);
			defaultConfigurationIsVisible = 0;
			defaultConfigurationName = Release;
		};
/* End XCConfigurationList section */
	};
	rootObject = 04A59F4324720B7B004E852D /* Project object */;
}
